
Microsoft Visual Studio Solution File, Format Version 12.00
# Visual Studio 15
VisualStudioVersion = 15.0.28307.136
MinimumVisualStudioVersion = 10.0.40219.1
Project("{9A19103F-16F7-4668-BE54-9A1E7A4F7556}") = "XamarinPrismMyCalculator", "XamarinPrismMyCalculator\XamarinPrismMyCalculator\XamarinPrismMyCalculator.csproj", "{669CF029-119C-44A8-90CF-B258BEAF0D22}"
EndProject
Project("{FAE04EC0-301F-11D3-BF4B-00C04F79EFBC}") = "XamarinPrismMyCalculator.Android", "XamarinPrismMyCalculator\XamarinPrismMyCalculator.Android\XamarinPrismMyCalculator.Android.csproj", "{02F685BC-2CD4-475B-9F2D-00055781F550}"
EndProject
Project("{FAE04EC0-301F-11D3-BF4B-00C04F79EFBC}") = "XamarinPrismMyCalculator.iOS", "XamarinPrismMyCalculator\XamarinPrismMyCalculator.iOS\XamarinPrismMyCalculator.iOS.csproj", "{361A4FAB-431F-4431-A46B-A8DED455597D}"
EndProject
Project("{FAE04EC0-301F-11D3-BF4B-00C04F79EFBC}") = "XamarinPrismMyCalculator.UWP", "XamarinPrismMyCalculator\XamarinPrismMyCalculator.UWP\XamarinPrismMyCalculator.UWP.csproj", "{E88135B9-04FB-4948-83D3-425869A7EC76}"
EndProject
Project("{2150E333-8FDC-42A3-9474-1A3956D46DE8}") = "Test", "Test", "{E188462F-DCAD-4F47-83F9-486C66D08890}"
EndProject
Project("{9A19103F-16F7-4668-BE54-9A1E7A4F7556}") = "Calculator.Test", "Calculator.Test\Calculator.Test.csproj", "{3EECC39B-6F71-4FDA-8A4F-2A59D7A3ABCD}"
EndProject
Project("{FAE04EC0-301F-11D3-BF4B-00C04F79EFBC}") = "XamarinPrismMyCalculator.Versioning", "XamarinPrismMyCalculator.Versioning\XamarinPrismMyCalculator.Versioning.csproj", "{84EC96AF-3613-461E-A574-83B15B91DF2E}"
EndProject
Global
	GlobalSection(SolutionConfigurationPlatforms) = preSolution
		Ad-Hoc|Any CPU = Ad-Hoc|Any CPU
		Ad-Hoc|ARM = Ad-Hoc|ARM
		Ad-Hoc|iPhone = Ad-Hoc|iPhone
		Ad-Hoc|iPhoneSimulator = Ad-Hoc|iPhoneSimulator
		Ad-Hoc|x64 = Ad-Hoc|x64
		Ad-Hoc|x86 = Ad-Hoc|x86
		AppStore|Any CPU = AppStore|Any CPU
		AppStore|ARM = AppStore|ARM
		AppStore|iPhone = AppStore|iPhone
		AppStore|iPhoneSimulator = AppStore|iPhoneSimulator
		AppStore|x64 = AppStore|x64
		AppStore|x86 = AppStore|x86
		Debug|Any CPU = Debug|Any CPU
		Debug|ARM = Debug|ARM
		Debug|iPhone = Debug|iPhone
		Debug|iPhoneSimulator = Debug|iPhoneSimulator
		Debug|x64 = Debug|x64
		Debug|x86 = Debug|x86
		Release|Any CPU = Release|Any CPU
		Release|ARM = Release|ARM
		Release|iPhone = Release|iPhone
		Release|iPhoneSimulator = Release|iPhoneSimulator
		Release|x64 = Release|x64
		Release|x86 = Release|x86
	EndGlobalSection
	GlobalSection(ProjectConfigurationPlatforms) = postSolution
		{669CF029-119C-44A8-90CF-B258BEAF0D22}.Ad-Hoc|Any CPU.ActiveCfg = Debug|Any CPU
		{669CF029-119C-44A8-90CF-B258BEAF0D22}.Ad-Hoc|Any CPU.Build.0 = Debug|Any CPU
		{669CF029-119C-44A8-90CF-B258BEAF0D22}.Ad-Hoc|ARM.ActiveCfg = Debug|Any CPU
		{669CF029-119C-44A8-90CF-B258BEAF0D22}.Ad-Hoc|ARM.Build.0 = Debug|Any CPU
		{669CF029-119C-44A8-90CF-B258BEAF0D22}.Ad-Hoc|iPhone.ActiveCfg = Debug|Any CPU
		{669CF029-119C-44A8-90CF-B258BEAF0D22}.Ad-Hoc|iPhone.Build.0 = Debug|Any CPU
		{669CF029-119C-44A8-90CF-B258BEAF0D22}.Ad-Hoc|iPhoneSimulator.ActiveCfg = Debug|Any CPU
		{669CF029-119C-44A8-90CF-B258BEAF0D22}.Ad-Hoc|iPhoneSimulator.Build.0 = Debug|Any CPU
		{669CF029-119C-44A8-90CF-B258BEAF0D22}.Ad-Hoc|x64.ActiveCfg = Debug|Any CPU
		{669CF029-119C-44A8-90CF-B258BEAF0D22}.Ad-Hoc|x64.Build.0 = Debug|Any CPU
		{669CF029-119C-44A8-90CF-B258BEAF0D22}.Ad-Hoc|x86.ActiveCfg = Debug|Any CPU
		{669CF029-119C-44A8-90CF-B258BEAF0D22}.Ad-Hoc|x86.Build.0 = Debug|Any CPU
		{669CF029-119C-44A8-90CF-B258BEAF0D22}.AppStore|Any CPU.ActiveCfg = Debug|Any CPU
		{669CF029-119C-44A8-90CF-B258BEAF0D22}.AppStore|Any CPU.Build.0 = Debug|Any CPU
		{669CF029-119C-44A8-90CF-B258BEAF0D22}.AppStore|ARM.ActiveCfg = Debug|Any CPU
		{669CF029-119C-44A8-90CF-B258BEAF0D22}.AppStore|ARM.Build.0 = Debug|Any CPU
		{669CF029-119C-44A8-90CF-B258BEAF0D22}.AppStore|iPhone.ActiveCfg = Debug|Any CPU
		{669CF029-119C-44A8-90CF-B258BEAF0D22}.AppStore|iPhone.Build.0 = Debug|Any CPU
		{669CF029-119C-44A8-90CF-B258BEAF0D22}.AppStore|iPhoneSimulator.ActiveCfg = Debug|Any CPU
		{669CF029-119C-44A8-90CF-B258BEAF0D22}.AppStore|iPhoneSimulator.Build.0 = Debug|Any CPU
		{669CF029-119C-44A8-90CF-B258BEAF0D22}.AppStore|x64.ActiveCfg = Debug|Any CPU
		{669CF029-119C-44A8-90CF-B258BEAF0D22}.AppStore|x64.Build.0 = Debug|Any CPU
		{669CF029-119C-44A8-90CF-B258BEAF0D22}.AppStore|x86.ActiveCfg = Debug|Any CPU
		{669CF029-119C-44A8-90CF-B258BEAF0D22}.AppStore|x86.Build.0 = Debug|Any CPU
		{669CF029-119C-44A8-90CF-B258BEAF0D22}.Debug|Any CPU.ActiveCfg = Debug|Any CPU
		{669CF029-119C-44A8-90CF-B258BEAF0D22}.Debug|Any CPU.Build.0 = Debug|Any CPU
		{669CF029-119C-44A8-90CF-B258BEAF0D22}.Debug|ARM.ActiveCfg = Debug|Any CPU
		{669CF029-119C-44A8-90CF-B258BEAF0D22}.Debug|ARM.Build.0 = Debug|Any CPU
		{669CF029-119C-44A8-90CF-B258BEAF0D22}.Debug|iPhone.ActiveCfg = Debug|Any CPU
		{669CF029-119C-44A8-90CF-B258BEAF0D22}.Debug|iPhone.Build.0 = Debug|Any CPU
		{669CF029-119C-44A8-90CF-B258BEAF0D22}.Debug|iPhoneSimulator.ActiveCfg = Debug|Any CPU
		{669CF029-119C-44A8-90CF-B258BEAF0D22}.Debug|iPhoneSimulator.Build.0 = Debug|Any CPU
		{669CF029-119C-44A8-90CF-B258BEAF0D22}.Debug|x64.ActiveCfg = Debug|Any CPU
		{669CF029-119C-44A8-90CF-B258BEAF0D22}.Debug|x64.Build.0 = Debug|Any CPU
		{669CF029-119C-44A8-90CF-B258BEAF0D22}.Debug|x86.ActiveCfg = Debug|Any CPU
		{669CF029-119C-44A8-90CF-B258BEAF0D22}.Debug|x86.Build.0 = Debug|Any CPU
		{669CF029-119C-44A8-90CF-B258BEAF0D22}.Release|Any CPU.ActiveCfg = Release|Any CPU
		{669CF029-119C-44A8-90CF-B258BEAF0D22}.Release|Any CPU.Build.0 = Release|Any CPU
		{669CF029-119C-44A8-90CF-B258BEAF0D22}.Release|ARM.ActiveCfg = Release|Any CPU
		{669CF029-119C-44A8-90CF-B258BEAF0D22}.Release|ARM.Build.0 = Release|Any CPU
		{669CF029-119C-44A8-90CF-B258BEAF0D22}.Release|iPhone.ActiveCfg = Release|Any CPU
		{669CF029-119C-44A8-90CF-B258BEAF0D22}.Release|iPhone.Build.0 = Release|Any CPU
		{669CF029-119C-44A8-90CF-B258BEAF0D22}.Release|iPhoneSimulator.ActiveCfg = Release|Any CPU
		{669CF029-119C-44A8-90CF-B258BEAF0D22}.Release|iPhoneSimulator.Build.0 = Release|Any CPU
		{669CF029-119C-44A8-90CF-B258BEAF0D22}.Release|x64.ActiveCfg = Release|Any CPU
		{669CF029-119C-44A8-90CF-B258BEAF0D22}.Release|x64.Build.0 = Release|Any CPU
		{669CF029-119C-44A8-90CF-B258BEAF0D22}.Release|x86.ActiveCfg = Release|Any CPU
		{669CF029-119C-44A8-90CF-B258BEAF0D22}.Release|x86.Build.0 = Release|Any CPU
		{02F685BC-2CD4-475B-9F2D-00055781F550}.Ad-Hoc|Any CPU.ActiveCfg = Release|Any CPU
		{02F685BC-2CD4-475B-9F2D-00055781F550}.Ad-Hoc|Any CPU.Build.0 = Release|Any CPU
		{02F685BC-2CD4-475B-9F2D-00055781F550}.Ad-Hoc|Any CPU.Deploy.0 = Release|Any CPU
		{02F685BC-2CD4-475B-9F2D-00055781F550}.Ad-Hoc|ARM.ActiveCfg = Release|Any CPU
		{02F685BC-2CD4-475B-9F2D-00055781F550}.Ad-Hoc|ARM.Build.0 = Release|Any CPU
		{02F685BC-2CD4-475B-9F2D-00055781F550}.Ad-Hoc|ARM.Deploy.0 = Release|Any CPU
		{02F685BC-2CD4-475B-9F2D-00055781F550}.Ad-Hoc|iPhone.ActiveCfg = Release|Any CPU
		{02F685BC-2CD4-475B-9F2D-00055781F550}.Ad-Hoc|iPhone.Build.0 = Release|Any CPU
		{02F685BC-2CD4-475B-9F2D-00055781F550}.Ad-Hoc|iPhone.Deploy.0 = Release|Any CPU
		{02F685BC-2CD4-475B-9F2D-00055781F550}.Ad-Hoc|iPhoneSimulator.ActiveCfg = Release|Any CPU
		{02F685BC-2CD4-475B-9F2D-00055781F550}.Ad-Hoc|iPhoneSimulator.Build.0 = Release|Any CPU
		{02F685BC-2CD4-475B-9F2D-00055781F550}.Ad-Hoc|iPhoneSimulator.Deploy.0 = Release|Any CPU
		{02F685BC-2CD4-475B-9F2D-00055781F550}.Ad-Hoc|x64.ActiveCfg = Release|Any CPU
		{02F685BC-2CD4-475B-9F2D-00055781F550}.Ad-Hoc|x64.Build.0 = Release|Any CPU
		{02F685BC-2CD4-475B-9F2D-00055781F550}.Ad-Hoc|x64.Deploy.0 = Release|Any CPU
		{02F685BC-2CD4-475B-9F2D-00055781F550}.Ad-Hoc|x86.ActiveCfg = Release|Any CPU
		{02F685BC-2CD4-475B-9F2D-00055781F550}.Ad-Hoc|x86.Build.0 = Release|Any CPU
		{02F685BC-2CD4-475B-9F2D-00055781F550}.Ad-Hoc|x86.Deploy.0 = Release|Any CPU
		{02F685BC-2CD4-475B-9F2D-00055781F550}.AppStore|Any CPU.ActiveCfg = Release|Any CPU
		{02F685BC-2CD4-475B-9F2D-00055781F550}.AppStore|Any CPU.Build.0 = Release|Any CPU
		{02F685BC-2CD4-475B-9F2D-00055781F550}.AppStore|Any CPU.Deploy.0 = Release|Any CPU
		{02F685BC-2CD4-475B-9F2D-00055781F550}.AppStore|ARM.ActiveCfg = Release|Any CPU
		{02F685BC-2CD4-475B-9F2D-00055781F550}.AppStore|ARM.Build.0 = Release|Any CPU
		{02F685BC-2CD4-475B-9F2D-00055781F550}.AppStore|ARM.Deploy.0 = Release|Any CPU
		{02F685BC-2CD4-475B-9F2D-00055781F550}.AppStore|iPhone.ActiveCfg = Release|Any CPU
		{02F685BC-2CD4-475B-9F2D-00055781F550}.AppStore|iPhone.Build.0 = Release|Any CPU
		{02F685BC-2CD4-475B-9F2D-00055781F550}.AppStore|iPhone.Deploy.0 = Release|Any CPU
		{02F685BC-2CD4-475B-9F2D-00055781F550}.AppStore|iPhoneSimulator.ActiveCfg = Release|Any CPU
		{02F685BC-2CD4-475B-9F2D-00055781F550}.AppStore|iPhoneSimulator.Build.0 = Release|Any CPU
		{02F685BC-2CD4-475B-9F2D-00055781F550}.AppStore|iPhoneSimulator.Deploy.0 = Release|Any CPU
		{02F685BC-2CD4-475B-9F2D-00055781F550}.AppStore|x64.ActiveCfg = Release|Any CPU
		{02F685BC-2CD4-475B-9F2D-00055781F550}.AppStore|x64.Build.0 = Release|Any CPU
		{02F685BC-2CD4-475B-9F2D-00055781F550}.AppStore|x64.Deploy.0 = Release|Any CPU
		{02F685BC-2CD4-475B-9F2D-00055781F550}.AppStore|x86.ActiveCfg = Release|Any CPU
		{02F685BC-2CD4-475B-9F2D-00055781F550}.AppStore|x86.Build.0 = Release|Any CPU
		{02F685BC-2CD4-475B-9F2D-00055781F550}.AppStore|x86.Deploy.0 = Release|Any CPU
		{02F685BC-2CD4-475B-9F2D-00055781F550}.Debug|Any CPU.ActiveCfg = Debug|Any CPU
		{02F685BC-2CD4-475B-9F2D-00055781F550}.Debug|Any CPU.Build.0 = Debug|Any CPU
		{02F685BC-2CD4-475B-9F2D-00055781F550}.Debug|Any CPU.Deploy.0 = Debug|Any CPU
		{02F685BC-2CD4-475B-9F2D-00055781F550}.Debug|ARM.ActiveCfg = Debug|Any CPU
		{02F685BC-2CD4-475B-9F2D-00055781F550}.Debug|ARM.Build.0 = Debug|Any CPU
		{02F685BC-2CD4-475B-9F2D-00055781F550}.Debug|ARM.Deploy.0 = Debug|Any CPU
		{02F685BC-2CD4-475B-9F2D-00055781F550}.Debug|iPhone.ActiveCfg = Debug|Any CPU
		{02F685BC-2CD4-475B-9F2D-00055781F550}.Debug|iPhone.Build.0 = Debug|Any CPU
		{02F685BC-2CD4-475B-9F2D-00055781F550}.Debug|iPhone.Deploy.0 = Debug|Any CPU
		{02F685BC-2CD4-475B-9F2D-00055781F550}.Debug|iPhoneSimulator.ActiveCfg = Debug|Any CPU
		{02F685BC-2CD4-475B-9F2D-00055781F550}.Debug|iPhoneSimulator.Build.0 = Debug|Any CPU
		{02F685BC-2CD4-475B-9F2D-00055781F550}.Debug|iPhoneSimulator.Deploy.0 = Debug|Any CPU
		{02F685BC-2CD4-475B-9F2D-00055781F550}.Debug|x64.ActiveCfg = Debug|Any CPU
		{02F685BC-2CD4-475B-9F2D-00055781F550}.Debug|x64.Build.0 = Debug|Any CPU
		{02F685BC-2CD4-475B-9F2D-00055781F550}.Debug|x64.Deploy.0 = Debug|Any CPU
		{02F685BC-2CD4-475B-9F2D-00055781F550}.Debug|x86.ActiveCfg = Debug|Any CPU
		{02F685BC-2CD4-475B-9F2D-00055781F550}.Debug|x86.Build.0 = Debug|Any CPU
		{02F685BC-2CD4-475B-9F2D-00055781F550}.Debug|x86.Deploy.0 = Debug|Any CPU
		{02F685BC-2CD4-475B-9F2D-00055781F550}.Release|Any CPU.ActiveCfg = Release|Any CPU
		{02F685BC-2CD4-475B-9F2D-00055781F550}.Release|Any CPU.Build.0 = Release|Any CPU
		{02F685BC-2CD4-475B-9F2D-00055781F550}.Release|Any CPU.Deploy.0 = Release|Any CPU
		{02F685BC-2CD4-475B-9F2D-00055781F550}.Release|ARM.ActiveCfg = Release|Any CPU
		{02F685BC-2CD4-475B-9F2D-00055781F550}.Release|ARM.Build.0 = Release|Any CPU
		{02F685BC-2CD4-475B-9F2D-00055781F550}.Release|ARM.Deploy.0 = Release|Any CPU
		{02F685BC-2CD4-475B-9F2D-00055781F550}.Release|iPhone.ActiveCfg = Release|Any CPU
		{02F685BC-2CD4-475B-9F2D-00055781F550}.Release|iPhone.Build.0 = Release|Any CPU
		{02F685BC-2CD4-475B-9F2D-00055781F550}.Release|iPhone.Deploy.0 = Release|Any CPU
		{02F685BC-2CD4-475B-9F2D-00055781F550}.Release|iPhoneSimulator.ActiveCfg = Release|Any CPU
		{02F685BC-2CD4-475B-9F2D-00055781F550}.Release|iPhoneSimulator.Build.0 = Release|Any CPU
		{02F685BC-2CD4-475B-9F2D-00055781F550}.Release|iPhoneSimulator.Deploy.0 = Release|Any CPU
		{02F685BC-2CD4-475B-9F2D-00055781F550}.Release|x64.ActiveCfg = Release|Any CPU
		{02F685BC-2CD4-475B-9F2D-00055781F550}.Release|x64.Build.0 = Release|Any CPU
		{02F685BC-2CD4-475B-9F2D-00055781F550}.Release|x64.Deploy.0 = Release|Any CPU
		{02F685BC-2CD4-475B-9F2D-00055781F550}.Release|x86.ActiveCfg = Release|Any CPU
		{02F685BC-2CD4-475B-9F2D-00055781F550}.Release|x86.Build.0 = Release|Any CPU
		{02F685BC-2CD4-475B-9F2D-00055781F550}.Release|x86.Deploy.0 = Release|Any CPU
		{361A4FAB-431F-4431-A46B-A8DED455597D}.Ad-Hoc|Any CPU.ActiveCfg = Ad-Hoc|iPhone
		{361A4FAB-431F-4431-A46B-A8DED455597D}.Ad-Hoc|ARM.ActiveCfg = Ad-Hoc|iPhone
		{361A4FAB-431F-4431-A46B-A8DED455597D}.Ad-Hoc|iPhone.ActiveCfg = Ad-Hoc|iPhone
		{361A4FAB-431F-4431-A46B-A8DED455597D}.Ad-Hoc|iPhone.Build.0 = Ad-Hoc|iPhone
		{361A4FAB-431F-4431-A46B-A8DED455597D}.Ad-Hoc|iPhoneSimulator.ActiveCfg = Ad-Hoc|iPhoneSimulator
		{361A4FAB-431F-4431-A46B-A8DED455597D}.Ad-Hoc|iPhoneSimulator.Build.0 = Ad-Hoc|iPhoneSimulator
		{361A4FAB-431F-4431-A46B-A8DED455597D}.Ad-Hoc|x64.ActiveCfg = Ad-Hoc|iPhone
		{361A4FAB-431F-4431-A46B-A8DED455597D}.Ad-Hoc|x86.ActiveCfg = Ad-Hoc|iPhone
		{361A4FAB-431F-4431-A46B-A8DED455597D}.AppStore|Any CPU.ActiveCfg = AppStore|iPhone
		{361A4FAB-431F-4431-A46B-A8DED455597D}.AppStore|ARM.ActiveCfg = AppStore|iPhone
		{361A4FAB-431F-4431-A46B-A8DED455597D}.AppStore|iPhone.ActiveCfg = AppStore|iPhone
		{361A4FAB-431F-4431-A46B-A8DED455597D}.AppStore|iPhone.Build.0 = AppStore|iPhone
		{361A4FAB-431F-4431-A46B-A8DED455597D}.AppStore|iPhoneSimulator.ActiveCfg = AppStore|iPhoneSimulator
		{361A4FAB-431F-4431-A46B-A8DED455597D}.AppStore|iPhoneSimulator.Build.0 = AppStore|iPhoneSimulator
		{361A4FAB-431F-4431-A46B-A8DED455597D}.AppStore|x64.ActiveCfg = AppStore|iPhone
		{361A4FAB-431F-4431-A46B-A8DED455597D}.AppStore|x86.ActiveCfg = AppStore|iPhone
		{361A4FAB-431F-4431-A46B-A8DED455597D}.Debug|Any CPU.ActiveCfg = Debug|iPhone
		{361A4FAB-431F-4431-A46B-A8DED455597D}.Debug|ARM.ActiveCfg = Debug|iPhone
		{361A4FAB-431F-4431-A46B-A8DED455597D}.Debug|iPhone.ActiveCfg = Debug|iPhone
		{361A4FAB-431F-4431-A46B-A8DED455597D}.Debug|iPhone.Build.0 = Debug|iPhone
		{361A4FAB-431F-4431-A46B-A8DED455597D}.Debug|iPhoneSimulator.ActiveCfg = Debug|iPhoneSimulator
		{361A4FAB-431F-4431-A46B-A8DED455597D}.Debug|iPhoneSimulator.Build.0 = Debug|iPhoneSimulator
		{361A4FAB-431F-4431-A46B-A8DED455597D}.Debug|x64.ActiveCfg = Debug|iPhone
		{361A4FAB-431F-4431-A46B-A8DED455597D}.Debug|x86.ActiveCfg = Debug|iPhone
		{361A4FAB-431F-4431-A46B-A8DED455597D}.Release|Any CPU.ActiveCfg = Release|iPhone
		{361A4FAB-431F-4431-A46B-A8DED455597D}.Release|ARM.ActiveCfg = Release|iPhone
		{361A4FAB-431F-4431-A46B-A8DED455597D}.Release|iPhone.ActiveCfg = Release|iPhone
		{361A4FAB-431F-4431-A46B-A8DED455597D}.Release|iPhone.Build.0 = Release|iPhone
		{361A4FAB-431F-4431-A46B-A8DED455597D}.Release|iPhoneSimulator.ActiveCfg = Release|iPhoneSimulator
		{361A4FAB-431F-4431-A46B-A8DED455597D}.Release|iPhoneSimulator.Build.0 = Release|iPhoneSimulator
		{361A4FAB-431F-4431-A46B-A8DED455597D}.Release|x64.ActiveCfg = Release|iPhone
		{361A4FAB-431F-4431-A46B-A8DED455597D}.Release|x86.ActiveCfg = Release|iPhone
		{E88135B9-04FB-4948-83D3-425869A7EC76}.Ad-Hoc|Any CPU.ActiveCfg = Release|x86
		{E88135B9-04FB-4948-83D3-425869A7EC76}.Ad-Hoc|Any CPU.Build.0 = Release|x86
		{E88135B9-04FB-4948-83D3-425869A7EC76}.Ad-Hoc|Any CPU.Deploy.0 = Release|x86
		{E88135B9-04FB-4948-83D3-425869A7EC76}.Ad-Hoc|ARM.ActiveCfg = Release|ARM
		{E88135B9-04FB-4948-83D3-425869A7EC76}.Ad-Hoc|ARM.Build.0 = Release|ARM
		{E88135B9-04FB-4948-83D3-425869A7EC76}.Ad-Hoc|ARM.Deploy.0 = Release|ARM
		{E88135B9-04FB-4948-83D3-425869A7EC76}.Ad-Hoc|iPhone.ActiveCfg = Release|x86
		{E88135B9-04FB-4948-83D3-425869A7EC76}.Ad-Hoc|iPhone.Build.0 = Release|x86
		{E88135B9-04FB-4948-83D3-425869A7EC76}.Ad-Hoc|iPhone.Deploy.0 = Release|x86
		{E88135B9-04FB-4948-83D3-425869A7EC76}.Ad-Hoc|iPhoneSimulator.ActiveCfg = Release|x86
		{E88135B9-04FB-4948-83D3-425869A7EC76}.Ad-Hoc|iPhoneSimulator.Build.0 = Release|x86
		{E88135B9-04FB-4948-83D3-425869A7EC76}.Ad-Hoc|iPhoneSimulator.Deploy.0 = Release|x86
		{E88135B9-04FB-4948-83D3-425869A7EC76}.Ad-Hoc|x64.ActiveCfg = Release|x64
		{E88135B9-04FB-4948-83D3-425869A7EC76}.Ad-Hoc|x64.Build.0 = Release|x64
		{E88135B9-04FB-4948-83D3-425869A7EC76}.Ad-Hoc|x64.Deploy.0 = Release|x64
		{E88135B9-04FB-4948-83D3-425869A7EC76}.Ad-Hoc|x86.ActiveCfg = Release|x86
		{E88135B9-04FB-4948-83D3-425869A7EC76}.Ad-Hoc|x86.Build.0 = Release|x86
		{E88135B9-04FB-4948-83D3-425869A7EC76}.Ad-Hoc|x86.Deploy.0 = Release|x86
		{E88135B9-04FB-4948-83D3-425869A7EC76}.AppStore|Any CPU.ActiveCfg = Release|x86
		{E88135B9-04FB-4948-83D3-425869A7EC76}.AppStore|Any CPU.Build.0 = Release|x86
		{E88135B9-04FB-4948-83D3-425869A7EC76}.AppStore|Any CPU.Deploy.0 = Release|x86
		{E88135B9-04FB-4948-83D3-425869A7EC76}.AppStore|ARM.ActiveCfg = Release|ARM
		{E88135B9-04FB-4948-83D3-425869A7EC76}.AppStore|ARM.Build.0 = Release|ARM
		{E88135B9-04FB-4948-83D3-425869A7EC76}.AppStore|ARM.Deploy.0 = Release|ARM
		{E88135B9-04FB-4948-83D3-425869A7EC76}.AppStore|iPhone.ActiveCfg = Release|x86
		{E88135B9-04FB-4948-83D3-425869A7EC76}.AppStore|iPhone.Build.0 = Release|x86
		{E88135B9-04FB-4948-83D3-425869A7EC76}.AppStore|iPhone.Deploy.0 = Release|x86
		{E88135B9-04FB-4948-83D3-425869A7EC76}.AppStore|iPhoneSimulator.ActiveCfg = Release|x86
		{E88135B9-04FB-4948-83D3-425869A7EC76}.AppStore|iPhoneSimulator.Build.0 = Release|x86
		{E88135B9-04FB-4948-83D3-425869A7EC76}.AppStore|iPhoneSimulator.Deploy.0 = Release|x86
		{E88135B9-04FB-4948-83D3-425869A7EC76}.AppStore|x64.ActiveCfg = Release|x64
		{E88135B9-04FB-4948-83D3-425869A7EC76}.AppStore|x64.Build.0 = Release|x64
		{E88135B9-04FB-4948-83D3-425869A7EC76}.AppStore|x64.Deploy.0 = Release|x64
		{E88135B9-04FB-4948-83D3-425869A7EC76}.AppStore|x86.ActiveCfg = Release|x86
		{E88135B9-04FB-4948-83D3-425869A7EC76}.AppStore|x86.Build.0 = Release|x86
		{E88135B9-04FB-4948-83D3-425869A7EC76}.AppStore|x86.Deploy.0 = Release|x86
		{E88135B9-04FB-4948-83D3-425869A7EC76}.Debug|Any CPU.ActiveCfg = Debug|x86
		{E88135B9-04FB-4948-83D3-425869A7EC76}.Debug|ARM.ActiveCfg = Debug|ARM
		{E88135B9-04FB-4948-83D3-425869A7EC76}.Debug|ARM.Build.0 = Debug|ARM
		{E88135B9-04FB-4948-83D3-425869A7EC76}.Debug|ARM.Deploy.0 = Debug|ARM
		{E88135B9-04FB-4948-83D3-425869A7EC76}.Debug|iPhone.ActiveCfg = Debug|x86
		{E88135B9-04FB-4948-83D3-425869A7EC76}.Debug|iPhoneSimulator.ActiveCfg = Debug|x86
		{E88135B9-04FB-4948-83D3-425869A7EC76}.Debug|x64.ActiveCfg = Debug|x64
		{E88135B9-04FB-4948-83D3-425869A7EC76}.Debug|x64.Build.0 = Debug|x64
		{E88135B9-04FB-4948-83D3-425869A7EC76}.Debug|x64.Deploy.0 = Debug|x64
		{E88135B9-04FB-4948-83D3-425869A7EC76}.Debug|x86.ActiveCfg = Debug|x86
		{E88135B9-04FB-4948-83D3-425869A7EC76}.Debug|x86.Build.0 = Debug|x86
		{E88135B9-04FB-4948-83D3-425869A7EC76}.Debug|x86.Deploy.0 = Debug|x86
		{E88135B9-04FB-4948-83D3-425869A7EC76}.Release|Any CPU.ActiveCfg = Release|x86
		{E88135B9-04FB-4948-83D3-425869A7EC76}.Release|ARM.ActiveCfg = Release|ARM
		{E88135B9-04FB-4948-83D3-425869A7EC76}.Release|ARM.Build.0 = Release|ARM
		{E88135B9-04FB-4948-83D3-425869A7EC76}.Release|ARM.Deploy.0 = Release|ARM
		{E88135B9-04FB-4948-83D3-425869A7EC76}.Release|iPhone.ActiveCfg = Release|x86
		{E88135B9-04FB-4948-83D3-425869A7EC76}.Release|iPhoneSimulator.ActiveCfg = Release|x86
		{E88135B9-04FB-4948-83D3-425869A7EC76}.Release|x64.ActiveCfg = Release|x64
		{E88135B9-04FB-4948-83D3-425869A7EC76}.Release|x64.Build.0 = Release|x64
		{E88135B9-04FB-4948-83D3-425869A7EC76}.Release|x64.Deploy.0 = Release|x64
		{E88135B9-04FB-4948-83D3-425869A7EC76}.Release|x86.ActiveCfg = Release|x86
		{E88135B9-04FB-4948-83D3-425869A7EC76}.Release|x86.Build.0 = Release|x86
		{E88135B9-04FB-4948-83D3-425869A7EC76}.Release|x86.Deploy.0 = Release|x86
		{3EECC39B-6F71-4FDA-8A4F-2A59D7A3ABCD}.Ad-Hoc|Any CPU.ActiveCfg = Debug|Any CPU
		{3EECC39B-6F71-4FDA-8A4F-2A59D7A3ABCD}.Ad-Hoc|Any CPU.Build.0 = Debug|Any CPU
		{3EECC39B-6F71-4FDA-8A4F-2A59D7A3ABCD}.Ad-Hoc|ARM.ActiveCfg = Debug|Any CPU
		{3EECC39B-6F71-4FDA-8A4F-2A59D7A3ABCD}.Ad-Hoc|ARM.Build.0 = Debug|Any CPU
		{3EECC39B-6F71-4FDA-8A4F-2A59D7A3ABCD}.Ad-Hoc|iPhone.ActiveCfg = Debug|Any CPU
		{3EECC39B-6F71-4FDA-8A4F-2A59D7A3ABCD}.Ad-Hoc|iPhone.Build.0 = Debug|Any CPU
		{3EECC39B-6F71-4FDA-8A4F-2A59D7A3ABCD}.Ad-Hoc|iPhoneSimulator.ActiveCfg = Debug|Any CPU
		{3EECC39B-6F71-4FDA-8A4F-2A59D7A3ABCD}.Ad-Hoc|iPhoneSimulator.Build.0 = Debug|Any CPU
		{3EECC39B-6F71-4FDA-8A4F-2A59D7A3ABCD}.Ad-Hoc|x64.ActiveCfg = Debug|Any CPU
		{3EECC39B-6F71-4FDA-8A4F-2A59D7A3ABCD}.Ad-Hoc|x64.Build.0 = Debug|Any CPU
		{3EECC39B-6F71-4FDA-8A4F-2A59D7A3ABCD}.Ad-Hoc|x86.ActiveCfg = Debug|Any CPU
		{3EECC39B-6F71-4FDA-8A4F-2A59D7A3ABCD}.Ad-Hoc|x86.Build.0 = Debug|Any CPU
		{3EECC39B-6F71-4FDA-8A4F-2A59D7A3ABCD}.AppStore|Any CPU.ActiveCfg = Debug|Any CPU
		{3EECC39B-6F71-4FDA-8A4F-2A59D7A3ABCD}.AppStore|Any CPU.Build.0 = Debug|Any CPU
		{3EECC39B-6F71-4FDA-8A4F-2A59D7A3ABCD}.AppStore|ARM.ActiveCfg = Debug|Any CPU
		{3EECC39B-6F71-4FDA-8A4F-2A59D7A3ABCD}.AppStore|ARM.Build.0 = Debug|Any CPU
		{3EECC39B-6F71-4FDA-8A4F-2A59D7A3ABCD}.AppStore|iPhone.ActiveCfg = Debug|Any CPU
		{3EECC39B-6F71-4FDA-8A4F-2A59D7A3ABCD}.AppStore|iPhone.Build.0 = Debug|Any CPU
		{3EECC39B-6F71-4FDA-8A4F-2A59D7A3ABCD}.AppStore|iPhoneSimulator.ActiveCfg = Debug|Any CPU
		{3EECC39B-6F71-4FDA-8A4F-2A59D7A3ABCD}.AppStore|iPhoneSimulator.Build.0 = Debug|Any CPU
		{3EECC39B-6F71-4FDA-8A4F-2A59D7A3ABCD}.AppStore|x64.ActiveCfg = Debug|Any CPU
		{3EECC39B-6F71-4FDA-8A4F-2A59D7A3ABCD}.AppStore|x64.Build.0 = Debug|Any CPU
		{3EECC39B-6F71-4FDA-8A4F-2A59D7A3ABCD}.AppStore|x86.ActiveCfg = Debug|Any CPU
		{3EECC39B-6F71-4FDA-8A4F-2A59D7A3ABCD}.AppStore|x86.Build.0 = Debug|Any CPU
		{3EECC39B-6F71-4FDA-8A4F-2A59D7A3ABCD}.Debug|Any CPU.ActiveCfg = Debug|Any CPU
		{3EECC39B-6F71-4FDA-8A4F-2A59D7A3ABCD}.Debug|Any CPU.Build.0 = Debug|Any CPU
		{3EECC39B-6F71-4FDA-8A4F-2A59D7A3ABCD}.Debug|ARM.ActiveCfg = Debug|Any CPU
		{3EECC39B-6F71-4FDA-8A4F-2A59D7A3ABCD}.Debug|ARM.Build.0 = Debug|Any CPU
		{3EECC39B-6F71-4FDA-8A4F-2A59D7A3ABCD}.Debug|iPhone.ActiveCfg = Debug|Any CPU
		{3EECC39B-6F71-4FDA-8A4F-2A59D7A3ABCD}.Debug|iPhone.Build.0 = Debug|Any CPU
		{3EECC39B-6F71-4FDA-8A4F-2A59D7A3ABCD}.Debug|iPhoneSimulator.ActiveCfg = Debug|Any CPU
		{3EECC39B-6F71-4FDA-8A4F-2A59D7A3ABCD}.Debug|iPhoneSimulator.Build.0 = Debug|Any CPU
		{3EECC39B-6F71-4FDA-8A4F-2A59D7A3ABCD}.Debug|x64.ActiveCfg = Debug|Any CPU
		{3EECC39B-6F71-4FDA-8A4F-2A59D7A3ABCD}.Debug|x64.Build.0 = Debug|Any CPU
		{3EECC39B-6F71-4FDA-8A4F-2A59D7A3ABCD}.Debug|x86.ActiveCfg = Debug|Any CPU
		{3EECC39B-6F71-4FDA-8A4F-2A59D7A3ABCD}.Debug|x86.Build.0 = Debug|Any CPU
		{3EECC39B-6F71-4FDA-8A4F-2A59D7A3ABCD}.Release|Any CPU.ActiveCfg = Release|Any CPU
		{3EECC39B-6F71-4FDA-8A4F-2A59D7A3ABCD}.Release|Any CPU.Build.0 = Release|Any CPU
		{3EECC39B-6F71-4FDA-8A4F-2A59D7A3ABCD}.Release|ARM.ActiveCfg = Release|Any CPU
		{3EECC39B-6F71-4FDA-8A4F-2A59D7A3ABCD}.Release|ARM.Build.0 = Release|Any CPU
		{3EECC39B-6F71-4FDA-8A4F-2A59D7A3ABCD}.Release|iPhone.ActiveCfg = Release|Any CPU
		{3EECC39B-6F71-4FDA-8A4F-2A59D7A3ABCD}.Release|iPhone.Build.0 = Release|Any CPU
		{3EECC39B-6F71-4FDA-8A4F-2A59D7A3ABCD}.Release|iPhoneSimulator.ActiveCfg = Release|Any CPU
		{3EECC39B-6F71-4FDA-8A4F-2A59D7A3ABCD}.Release|iPhoneSimulator.Build.0 = Release|Any CPU
		{3EECC39B-6F71-4FDA-8A4F-2A59D7A3ABCD}.Release|x64.ActiveCfg = Release|Any CPU
		{3EECC39B-6F71-4FDA-8A4F-2A59D7A3ABCD}.Release|x64.Build.0 = Release|Any CPU
		{3EECC39B-6F71-4FDA-8A4F-2A59D7A3ABCD}.Release|x86.ActiveCfg = Release|Any CPU
		{3EECC39B-6F71-4FDA-8A4F-2A59D7A3ABCD}.Release|x86.Build.0 = Release|Any CPU
		{84EC96AF-3613-461E-A574-83B15B91DF2E}.Ad-Hoc|Any CPU.ActiveCfg = Release|Any CPU
		{84EC96AF-3613-461E-A574-83B15B91DF2E}.Ad-Hoc|Any CPU.Build.0 = Release|Any CPU
		{84EC96AF-3613-461E-A574-83B15B91DF2E}.Ad-Hoc|ARM.ActiveCfg = Release|Any CPU
		{84EC96AF-3613-461E-A574-83B15B91DF2E}.Ad-Hoc|ARM.Build.0 = Release|Any CPU
		{84EC96AF-3613-461E-A574-83B15B91DF2E}.Ad-Hoc|iPhone.ActiveCfg = Release|Any CPU
		{84EC96AF-3613-461E-A574-83B15B91DF2E}.Ad-Hoc|iPhone.Build.0 = Release|Any CPU
		{84EC96AF-3613-461E-A574-83B15B91DF2E}.Ad-Hoc|iPhoneSimulator.ActiveCfg = Release|Any CPU
		{84EC96AF-3613-461E-A574-83B15B91DF2E}.Ad-Hoc|iPhoneSimulator.Build.0 = Release|Any CPU
		{84EC96AF-3613-461E-A574-83B15B91DF2E}.Ad-Hoc|x64.ActiveCfg = Release|Any CPU
		{84EC96AF-3613-461E-A574-83B15B91DF2E}.Ad-Hoc|x64.Build.0 = Release|Any CPU
		{84EC96AF-3613-461E-A574-83B15B91DF2E}.Ad-Hoc|x86.ActiveCfg = Release|Any CPU
		{84EC96AF-3613-461E-A574-83B15B91DF2E}.Ad-Hoc|x86.Build.0 = Release|Any CPU
		{84EC96AF-3613-461E-A574-83B15B91DF2E}.AppStore|Any CPU.ActiveCfg = Release|Any CPU
		{84EC96AF-3613-461E-A574-83B15B91DF2E}.AppStore|Any CPU.Build.0 = Release|Any CPU
		{84EC96AF-3613-461E-A574-83B15B91DF2E}.AppStore|ARM.ActiveCfg = Release|Any CPU
		{84EC96AF-3613-461E-A574-83B15B91DF2E}.AppStore|ARM.Build.0 = Release|Any CPU
		{84EC96AF-3613-461E-A574-83B15B91DF2E}.AppStore|iPhone.ActiveCfg = Release|Any CPU
		{84EC96AF-3613-461E-A574-83B15B91DF2E}.AppStore|iPhone.Build.0 = Release|Any CPU
		{84EC96AF-3613-461E-A574-83B15B91DF2E}.AppStore|iPhoneSimulator.ActiveCfg = Release|Any CPU
		{84EC96AF-3613-461E-A574-83B15B91DF2E}.AppStore|iPhoneSimulator.Build.0 = Release|Any CPU
		{84EC96AF-3613-461E-A574-83B15B91DF2E}.AppStore|x64.ActiveCfg = Release|Any CPU
		{84EC96AF-3613-461E-A574-83B15B91DF2E}.AppStore|x64.Build.0 = Release|Any CPU
		{84EC96AF-3613-461E-A574-83B15B91DF2E}.AppStore|x86.ActiveCfg = Release|Any CPU
		{84EC96AF-3613-461E-A574-83B15B91DF2E}.AppStore|x86.Build.0 = Release|Any CPU
		{84EC96AF-3613-461E-A574-83B15B91DF2E}.Debug|Any CPU.ActiveCfg = Debug|Any CPU
		{84EC96AF-3613-461E-A574-83B15B91DF2E}.Debug|Any CPU.Build.0 = Debug|Any CPU
		{84EC96AF-3613-461E-A574-83B15B91DF2E}.Debug|ARM.ActiveCfg = Debug|Any CPU
		{84EC96AF-3613-461E-A574-83B15B91DF2E}.Debug|ARM.Build.0 = Debug|Any CPU
		{84EC96AF-3613-461E-A574-83B15B91DF2E}.Debug|iPhone.ActiveCfg = Debug|Any CPU
		{84EC96AF-3613-461E-A574-83B15B91DF2E}.Debug|iPhone.Build.0 = Debug|Any CPU
		{84EC96AF-3613-461E-A574-83B15B91DF2E}.Debug|iPhoneSimulator.ActiveCfg = Debug|Any CPU
		{84EC96AF-3613-461E-A574-83B15B91DF2E}.Debug|iPhoneSimulator.Build.0 = Debug|Any CPU
		{84EC96AF-3613-461E-A574-83B15B91DF2E}.Debug|x64.ActiveCfg = Debug|Any CPU
		{84EC96AF-3613-461E-A574-83B15B91DF2E}.Debug|x64.Build.0 = Debug|Any CPU
		{84EC96AF-3613-461E-A574-83B15B91DF2E}.Debug|x86.ActiveCfg = Debug|Any CPU
		{84EC96AF-3613-461E-A574-83B15B91DF2E}.Debug|x86.Build.0 = Debug|Any CPU
		{84EC96AF-3613-461E-A574-83B15B91DF2E}.Release|Any CPU.ActiveCfg = Release|Any CPU
		{84EC96AF-3613-461E-A574-83B15B91DF2E}.Release|Any CPU.Build.0 = Release|Any CPU
		{84EC96AF-3613-461E-A574-83B15B91DF2E}.Release|ARM.ActiveCfg = Release|Any CPU
		{84EC96AF-3613-461E-A574-83B15B91DF2E}.Release|ARM.Build.0 = Release|Any CPU
		{84EC96AF-3613-461E-A574-83B15B91DF2E}.Release|iPhone.ActiveCfg = Release|Any CPU
		{84EC96AF-3613-461E-A574-83B15B91DF2E}.Release|iPhone.Build.0 = Release|Any CPU
		{84EC96AF-3613-461E-A574-83B15B91DF2E}.Release|iPhoneSimulator.ActiveCfg = Release|Any CPU
		{84EC96AF-3613-461E-A574-83B15B91DF2E}.Release|iPhoneSimulator.Build.0 = Release|Any CPU
		{84EC96AF-3613-461E-A574-83B15B91DF2E}.Release|x64.ActiveCfg = Release|Any CPU
		{84EC96AF-3613-461E-A574-83B15B91DF2E}.Release|x64.Build.0 = Release|Any CPU
		{84EC96AF-3613-461E-A574-83B15B91DF2E}.Release|x86.ActiveCfg = Release|Any CPU
		{84EC96AF-3613-461E-A574-83B15B91DF2E}.Release|x86.Build.0 = Release|Any CPU
	EndGlobalSection
	GlobalSection(SolutionProperties) = preSolution
		HideSolutionNode = FALSE
	EndGlobalSection
	GlobalSection(NestedProjects) = preSolution
		{3EECC39B-6F71-4FDA-8A4F-2A59D7A3ABCD} = {E188462F-DCAD-4F47-83F9-486C66D08890}
	EndGlobalSection
	GlobalSection(ExtensibilityGlobals) = postSolution
		SolutionGuid = {26C829CB-CE09-40FB-8C09-B6E24543BE51}
	EndGlobalSection
EndGlobal
